// !$*UTF8*$!
{
	archiveVersion = 1;
	classes = {
	};
	objectVersion = 42;
	objects = {

/* Begin PBXFileReference section */
		33021A9608A12EFD00D082B8 /* definitions.h */ = {isa = PBXFileReference; fileEncoding = 30; lastKnownFileType = sourcecode.c.h; path = definitions.h; sourceTree = "<group>"; };
		33021A9708A12EFD00D082B8 /* fileio.F90 */ = {isa = PBXFileReference; fileEncoding = 30; lastKnownFileType = sourcecode.fortran.f90; path = fileio.F90; sourceTree = "<group>"; };
		33021A9A08A12EFD00D082B8 /* makefile */ = {isa = PBXFileReference; fileEncoding = 30; lastKnownFileType = sourcecode.make; path = makefile; sourceTree = "<group>"; };
		33021AA308A12EFD00D082B8 /* pflow_gridtype.F90 */ = {isa = PBXFileReference; fileEncoding = 30; lastKnownFileType = sourcecode.fortran.f90; path = pflow_gridtype.F90; sourceTree = "<group>"; };
		33021AA608A12EFD00D082B8 /* pflow_output.F90 */ = {isa = PBXFileReference; fileEncoding = 30; lastKnownFileType = sourcecode.fortran.f90; path = pflow_output.F90; sourceTree = "<group>"; };
		33021AA808A12EFD00D082B8 /* pflow_read_input.F90 */ = {isa = PBXFileReference; fileEncoding = 30; lastKnownFileType = sourcecode.fortran.f90; path = pflow_read_input.F90; sourceTree = "<group>"; };
		33021AAE08A12EFD00D082B8 /* pims.F90 */ = {isa = PBXFileReference; fileEncoding = 30; lastKnownFileType = sourcecode.fortran.f90; path = pims.F90; sourceTree = "<group>"; };
		33021AAF08A12EFD00D082B8 /* pflowgrid_mod.F90 */ = {isa = PBXFileReference; fileEncoding = 30; lastKnownFileType = sourcecode.fortran.f90; path = pflowgrid_mod.F90; sourceTree = "<group>"; };
		33021AC608A12EFD00D082B8 /* utilities.F90 */ = {isa = PBXFileReference; fileEncoding = 30; lastKnownFileType = sourcecode.fortran.f90; path = utilities.F90; sourceTree = "<group>"; };
		33093C560B8DFFC200EFC0CF /* pflow_ims_ResJac_patch.F90 */ = {isa = PBXFileReference; fileEncoding = 30; lastKnownFileType = sourcecode.fortran.f90; path = pflow_ims_ResJac_patch.F90; sourceTree = "<group>"; };
		331D023A0B20D83A00A7C0D0 /* pflow_step.F90 */ = {isa = PBXFileReference; fileEncoding = 4; lastKnownFileType = sourcecode.fortran.f90; path = pflow_step.F90; sourceTree = "<group>"; };
		331D04DC0B25DC1400A7C0D0 /* gaseos_mod.F90 */ = {isa = PBXFileReference; fileEncoding = 30; lastKnownFileType = sourcecode.fortran.f90; path = gaseos_mod.F90; sourceTree = "<group>"; };
		331D04DD0B25DC1400A7C0D0 /* water_eos.F90 */ = {isa = PBXFileReference; fileEncoding = 30; lastKnownFileType = sourcecode.fortran.f90; path = water_eos.F90; sourceTree = "<group>"; };
		3337519B095B75B000209B95 /* pflow_solve.F90 */ = {isa = PBXFileReference; fileEncoding = 30; lastKnownFileType = sourcecode.fortran.f90; path = pflow_solve.F90; sourceTree = "<group>"; };
		339C8E3D09D4754800E6481F /* pflow_ims_ResJac.F90 */ = {isa = PBXFileReference; fileEncoding = 30; lastKnownFileType = sourcecode.fortran.f90; path = pflow_ims_ResJac.F90; sourceTree = "<group>"; };
		33C0932A09BF95D300A773C8 /* Readfield.F90 */ = {isa = PBXFileReference; fileEncoding = 30; lastKnownFileType = sourcecode.fortran.f90; path = Readfield.F90; sourceTree = "<group>"; };
		33E20B6909ED787000578A26 /* translator_fluid_ims.F90 */ = {isa = PBXFileReference; fileEncoding = 30; lastKnownFileType = sourcecode.fortran.f90; path = translator_fluid_ims.F90; sourceTree = "<group>"; };
/* End PBXFileReference section */

/* Begin PBXGroup section */
		33021A8608A12EC800D082B8 = {
			isa = PBXGroup;
			children = (
				331D023A0B20D83A00A7C0D0 /* pflow_step.F90 */,
				33021A9608A12EFD00D082B8 /* definitions.h */,
				33021A9708A12EFD00D082B8 /* fileio.F90 */,
				33021A9A08A12EFD00D082B8 /* makefile */,
				33021AAE08A12EFD00D082B8 /* pims.F90 */,
				33021AA308A12EFD00D082B8 /* pflow_gridtype.F90 */,
				33021AA608A12EFD00D082B8 /* pflow_output.F90 */,
				339C8E3D09D4754800E6481F /* pflow_ims_ResJac.F90 */,
				33093C560B8DFFC200EFC0CF /* pflow_ims_ResJac_patch.F90 */,
				33021AA808A12EFD00D082B8 /* pflow_read_input.F90 */,
				3337519B095B75B000209B95 /* pflow_solve.F90 */,
				33021AAF08A12EFD00D082B8 /* pflowgrid_mod.F90 */,
				33C0932A09BF95D300A773C8 /* Readfield.F90 */,
				33E20B6909ED787000578A26 /* translator_fluid_ims.F90 */,
				331D04DC0B25DC1400A7C0D0 /* gaseos_mod.F90 */,
				331D04DD0B25DC1400A7C0D0 /* water_eos.F90 */,
				33021AC608A12EFD00D082B8 /* utilities.F90 */,
			);
			sourceTree = "<group>";
		};
/* End PBXGroup section */

/* Begin PBXProject section */
		33021A8808A12EC800D082B8 /* Project object */ = {
			isa = PBXProject;
			buildConfigurationList = 33021A8908A12EC800D082B8 /* Build configuration list for PBXProject "pims" */;
			compatibilityVersion = "Xcode 2.4";
			hasScannedForEncodings = 0;
			mainGroup = 33021A8608A12EC800D082B8;
			projectDirPath = "";
			projectRoot = "";
			targets = (
			);
		};
/* End PBXProject section */

/* Begin XCBuildConfiguration section */
		33021A8A08A12EC800D082B8 /* Debug */ = {
			isa = XCBuildConfiguration;
			buildSettings = {
				COPY_PHASE_STRIP = NO;
			};
			name = Debug;
		};
		33021A8B08A12EC800D082B8 /* Release */ = {
			isa = XCBuildConfiguration;
			buildSettings = {
				COPY_PHASE_STRIP = YES;
			};
			name = Release;
		};
/* End XCBuildConfiguration section */

/* Begin XCConfigurationList section */
		33021A8908A12EC800D082B8 /* Build configuration list for PBXProject "pims" */ = {
			isa = XCConfigurationList;
			buildConfigurations = (
				33021A8A08A12EC800D082B8 /* Debug */,
				33021A8B08A12EC800D082B8 /* Release */,
			);
			defaultConfigurationIsVisible = 0;
			defaultConfigurationName = Release;
		};
/* End XCConfigurationList section */
	};
	rootObject = 33021A8808A12EC800D082B8 /* Project object */;
}
