// !$*UTF8*$!
{
	archiveVersion = 1;
	classes = {
	};
	objectVersion = 42;
	objects = {

/* Begin PBXFileReference section */
		2366A78F0D86058C0003BB1F /* ascii_to_hdf5.F90 */ = {isa = PBXFileReference; fileEncoding = 30; lastKnownFileType = sourcecode.fortran.f90; name = ascii_to_hdf5.F90; path = ../ascii_to_hdf5.F90; sourceTree = SOURCE_ROOT; };
		2366A7900D86058C0003BB1F /* breakthrough.F90 */ = {isa = PBXFileReference; fileEncoding = 30; lastKnownFileType = sourcecode.fortran.f90; name = breakthrough.F90; path = ../breakthrough.F90; sourceTree = SOURCE_ROOT; };
		2366A7910D86058C0003BB1F /* checkpoint.F90 */ = {isa = PBXFileReference; fileEncoding = 30; lastKnownFileType = sourcecode.fortran.f90; name = checkpoint.F90; path = ../checkpoint.F90; sourceTree = SOURCE_ROOT; };
		2366A7920D86058C0003BB1F /* co2_span_wagner.F90 */ = {isa = PBXFileReference; fileEncoding = 30; lastKnownFileType = sourcecode.fortran.f90; name = co2_span_wagner.F90; path = ../co2_span_wagner.F90; sourceTree = SOURCE_ROOT; };
		2366A7930D86058C0003BB1F /* co2_sw_global.F90 */ = {isa = PBXFileReference; fileEncoding = 30; lastKnownFileType = sourcecode.fortran.f90; name = co2_sw_global.F90; path = ../co2_sw_global.F90; sourceTree = SOURCE_ROOT; };
		2366A7940D86058C0003BB1F /* co2_sw_rtsafe.F90 */ = {isa = PBXFileReference; fileEncoding = 30; lastKnownFileType = sourcecode.fortran.f90; name = co2_sw_rtsafe.F90; path = ../co2_sw_rtsafe.F90; sourceTree = SOURCE_ROOT; };
		2366A7950D86058C0003BB1F /* co2eos.F90 */ = {isa = PBXFileReference; fileEncoding = 30; lastKnownFileType = sourcecode.fortran.f90; name = co2eos.F90; path = ../co2eos.F90; sourceTree = SOURCE_ROOT; };
		2366A7960D86058C0003BB1F /* condition.F90 */ = {isa = PBXFileReference; fileEncoding = 30; lastKnownFileType = sourcecode.fortran.f90; name = condition.F90; path = ../condition.F90; sourceTree = SOURCE_ROOT; };
		2366A7970D86058C0003BB1F /* connection.F90 */ = {isa = PBXFileReference; fileEncoding = 30; lastKnownFileType = sourcecode.fortran.f90; name = connection.F90; path = ../connection.F90; sourceTree = SOURCE_ROOT; };
		2366A7980D86058C0003BB1F /* convergence.F90 */ = {isa = PBXFileReference; fileEncoding = 30; lastKnownFileType = sourcecode.fortran.f90; name = convergence.F90; path = ../convergence.F90; sourceTree = SOURCE_ROOT; };
		2366A7990D86058C0003BB1F /* coupler.F90 */ = {isa = PBXFileReference; fileEncoding = 30; lastKnownFileType = sourcecode.fortran.f90; name = coupler.F90; path = ../coupler.F90; sourceTree = SOURCE_ROOT; };
		2366A79A0D86058C0003BB1F /* debug.F90 */ = {isa = PBXFileReference; fileEncoding = 30; lastKnownFileType = sourcecode.fortran.f90; name = debug.F90; path = ../debug.F90; sourceTree = SOURCE_ROOT; };
		2366A79B0D86058C0003BB1F /* definitions.h */ = {isa = PBXFileReference; fileEncoding = 30; lastKnownFileType = sourcecode.c.h; name = definitions.h; path = ../definitions.h; sourceTree = SOURCE_ROOT; };
		2366A79C0D86058C0003BB1F /* discretization.F90 */ = {isa = PBXFileReference; fileEncoding = 30; lastKnownFileType = sourcecode.fortran.f90; name = discretization.F90; path = ../discretization.F90; sourceTree = SOURCE_ROOT; };
		2366A79D0D86058C0003BB1F /* field.F90 */ = {isa = PBXFileReference; fileEncoding = 30; lastKnownFileType = sourcecode.fortran.f90; name = field.F90; path = ../field.F90; sourceTree = SOURCE_ROOT; };
		2366A79E0D86058C0003BB1F /* fileio.F90 */ = {isa = PBXFileReference; fileEncoding = 30; lastKnownFileType = sourcecode.fortran.f90; name = fileio.F90; path = ../fileio.F90; sourceTree = SOURCE_ROOT; };
		2366A79F0D86058C0003BB1F /* gaseos_mod.F90 */ = {isa = PBXFileReference; fileEncoding = 30; lastKnownFileType = sourcecode.fortran.f90; name = gaseos_mod.F90; path = ../gaseos_mod.F90; sourceTree = SOURCE_ROOT; };
		2366A7A00D86058C0003BB1F /* general_grid.F90 */ = {isa = PBXFileReference; fileEncoding = 30; lastKnownFileType = sourcecode.fortran.f90; name = general_grid.F90; path = ../general_grid.F90; sourceTree = SOURCE_ROOT; };
		2366A7A10D86058C0003BB1F /* grid.F90 */ = {isa = PBXFileReference; fileEncoding = 30; lastKnownFileType = sourcecode.fortran.f90; name = grid.F90; path = ../grid.F90; sourceTree = SOURCE_ROOT; };
		2366A7A20D86058C0003BB1F /* hdf5_dataset.F90 */ = {isa = PBXFileReference; fileEncoding = 30; lastKnownFileType = sourcecode.fortran.f90; name = hdf5_dataset.F90; path = ../hdf5_dataset.F90; sourceTree = SOURCE_ROOT; };
		2366A7A30D86058C0003BB1F /* hdf5.F90 */ = {isa = PBXFileReference; fileEncoding = 30; lastKnownFileType = sourcecode.fortran.f90; name = hdf5.F90; path = ../hdf5.F90; sourceTree = SOURCE_ROOT; };
		2366A7A40D86058C0003BB1F /* hydrostatic.F90 */ = {isa = PBXFileReference; fileEncoding = 30; lastKnownFileType = sourcecode.fortran.f90; name = hydrostatic.F90; path = ../hydrostatic.F90; sourceTree = SOURCE_ROOT; };
		2366A7A50D86058C0003BB1F /* init.F90 */ = {isa = PBXFileReference; fileEncoding = 30; lastKnownFileType = sourcecode.fortran.f90; name = init.F90; path = ../init.F90; sourceTree = SOURCE_ROOT; };
		2366A7A60D86058C0003BB1F /* level.F90 */ = {isa = PBXFileReference; fileEncoding = 30; lastKnownFileType = sourcecode.fortran.f90; name = level.F90; path = ../level.F90; sourceTree = SOURCE_ROOT; };
		2366A7A70D86058C0003BB1F /* logging.F90 */ = {isa = PBXFileReference; fileEncoding = 30; lastKnownFileType = sourcecode.fortran.f90; name = logging.F90; path = ../logging.F90; sourceTree = SOURCE_ROOT; };
		2366A7A80D86058C0003BB1F /* makefile */ = {isa = PBXFileReference; fileEncoding = 30; lastKnownFileType = sourcecode.make; name = makefile; path = ../makefile; sourceTree = SOURCE_ROOT; };
		2366A7A90D86058C0003BB1F /* material.F90 */ = {isa = PBXFileReference; fileEncoding = 30; lastKnownFileType = sourcecode.fortran.f90; name = material.F90; path = ../material.F90; sourceTree = SOURCE_ROOT; };
		2366A7AA0D86058C0003BB1F /* mixed_fluid_eos.F90 */ = {isa = PBXFileReference; fileEncoding = 30; lastKnownFileType = sourcecode.fortran.f90; name = mixed_fluid_eos.F90; path = ../mixed_fluid_eos.F90; sourceTree = SOURCE_ROOT; };
		2366A7AB0D86058C0003BB1F /* oil_eos.F90 */ = {isa = PBXFileReference; fileEncoding = 30; lastKnownFileType = sourcecode.fortran.f90; name = oil_eos.F90; path = ../oil_eos.F90; sourceTree = SOURCE_ROOT; };
		2366A7AC0D86058C0003BB1F /* option.F90 */ = {isa = PBXFileReference; fileEncoding = 30; lastKnownFileType = sourcecode.fortran.f90; name = option.F90; path = ../option.F90; sourceTree = SOURCE_ROOT; };
		2366A7AD0D86058C0003BB1F /* output.F90 */ = {isa = PBXFileReference; fileEncoding = 30; lastKnownFileType = sourcecode.fortran.f90; name = output.F90; path = ../output.F90; sourceTree = SOURCE_ROOT; };
		2366A7AE0D86058C0003BB1F /* patch.F90 */ = {isa = PBXFileReference; fileEncoding = 30; lastKnownFileType = sourcecode.fortran.f90; name = patch.F90; path = ../patch.F90; sourceTree = SOURCE_ROOT; };
		2366A7AF0D86058C0003BB1F /* petscreldefs.h */ = {isa = PBXFileReference; fileEncoding = 30; lastKnownFileType = sourcecode.c.h; name = petscreldefs.h; path = ../petscreldefs.h; sourceTree = SOURCE_ROOT; };
		2366A7B00D86058C0003BB1F /* pflotran.F90 */ = {isa = PBXFileReference; fileEncoding = 30; lastKnownFileType = sourcecode.fortran.f90; name = pflotran.F90; path = ../pflotran.F90; sourceTree = SOURCE_ROOT; };
		2366A7B10D86058C0003BB1F /* pflow_mphase_ResJac.F90 */ = {isa = PBXFileReference; fileEncoding = 30; lastKnownFileType = sourcecode.fortran.f90; name = pflow_mphase_ResJac.F90; path = ../pflow_mphase_ResJac.F90; sourceTree = SOURCE_ROOT; };
		2366A7B20D86058C0003BB1F /* pflow_pckr_mod.F90 */ = {isa = PBXFileReference; fileEncoding = 30; lastKnownFileType = sourcecode.fortran.f90; name = pflow_pckr_mod.F90; path = ../pflow_pckr_mod.F90; sourceTree = SOURCE_ROOT; };
		2366A7B30D86058C0003BB1F /* ptran_conn.F90 */ = {isa = PBXFileReference; fileEncoding = 30; lastKnownFileType = sourcecode.fortran.f90; name = ptran_conn.F90; path = ../ptran_conn.F90; sourceTree = SOURCE_ROOT; };
		2366A7B40D86058C0003BB1F /* ptran_dbase.F90 */ = {isa = PBXFileReference; fileEncoding = 30; lastKnownFileType = sourcecode.fortran.f90; name = ptran_dbase.F90; path = ../ptran_dbase.F90; sourceTree = SOURCE_ROOT; };
		2366A7B50D86058C0003BB1F /* ptran_destroy.F90 */ = {isa = PBXFileReference; fileEncoding = 30; lastKnownFileType = sourcecode.fortran.f90; name = ptran_destroy.F90; path = ../ptran_destroy.F90; sourceTree = SOURCE_ROOT; };
		2366A7B60D86058C0003BB1F /* ptran_dt.F90 */ = {isa = PBXFileReference; fileEncoding = 30; lastKnownFileType = sourcecode.fortran.f90; name = ptran_dt.F90; path = ../ptran_dt.F90; sourceTree = SOURCE_ROOT; };
		2366A7B70D86058C0003BB1F /* ptran_global.F90 */ = {isa = PBXFileReference; fileEncoding = 30; lastKnownFileType = sourcecode.fortran.f90; name = ptran_global.F90; path = ../ptran_global.F90; sourceTree = SOURCE_ROOT; };
		2366A7B80D86058C0003BB1F /* ptran_init.F90 */ = {isa = PBXFileReference; fileEncoding = 30; lastKnownFileType = sourcecode.fortran.f90; name = ptran_init.F90; path = ../ptran_init.F90; sourceTree = SOURCE_ROOT; };
		2366A7B90D86058C0003BB1F /* ptran_multi.F90 */ = {isa = PBXFileReference; fileEncoding = 30; lastKnownFileType = sourcecode.fortran.f90; name = ptran_multi.F90; path = ../ptran_multi.F90; sourceTree = SOURCE_ROOT; };
		2366A7BA0D86058C0003BB1F /* ptran_out.F90 */ = {isa = PBXFileReference; fileEncoding = 30; lastKnownFileType = sourcecode.fortran.f90; name = ptran_out.F90; path = ../ptran_out.F90; sourceTree = SOURCE_ROOT; };
		2366A7BB0D86058C0003BB1F /* ptran_output.F90 */ = {isa = PBXFileReference; fileEncoding = 30; lastKnownFileType = sourcecode.fortran.f90; name = ptran_output.F90; path = ../ptran_output.F90; sourceTree = SOURCE_ROOT; };
		2366A7BC0D86058C0003BB1F /* ptran_psi.F90 */ = {isa = PBXFileReference; fileEncoding = 30; lastKnownFileType = sourcecode.fortran.f90; name = ptran_psi.F90; path = ../ptran_psi.F90; sourceTree = SOURCE_ROOT; };
		2366A7BD0D86058C0003BB1F /* ptran_read.F90 */ = {isa = PBXFileReference; fileEncoding = 30; lastKnownFileType = sourcecode.fortran.f90; name = ptran_read.F90; path = ../ptran_read.F90; sourceTree = SOURCE_ROOT; };
		2366A7BE0D86058C0003BB1F /* ptran_setbnd.F90 */ = {isa = PBXFileReference; fileEncoding = 30; lastKnownFileType = sourcecode.fortran.f90; name = ptran_setbnd.F90; path = ../ptran_setbnd.F90; sourceTree = SOURCE_ROOT; };
		2366A7BF0D86058C0003BB1F /* ptran_solv.F90 */ = {isa = PBXFileReference; fileEncoding = 30; lastKnownFileType = sourcecode.fortran.f90; name = ptran_solv.F90; path = ../ptran_solv.F90; sourceTree = SOURCE_ROOT; };
		2366A7C00D86058C0003BB1F /* ptran_speciation.F90 */ = {isa = PBXFileReference; fileEncoding = 30; lastKnownFileType = sourcecode.fortran.f90; name = ptran_speciation.F90; path = ../ptran_speciation.F90; sourceTree = SOURCE_ROOT; };
		2366A7C10D86058C0003BB1F /* ptran_update.F90 */ = {isa = PBXFileReference; fileEncoding = 30; lastKnownFileType = sourcecode.fortran.f90; name = ptran_update.F90; path = ../ptran_update.F90; sourceTree = SOURCE_ROOT; };
		2366A7C20D86058C0003BB1F /* ptran.F90 */ = {isa = PBXFileReference; fileEncoding = 30; lastKnownFileType = sourcecode.fortran.f90; name = ptran.F90; path = ../ptran.F90; sourceTree = SOURCE_ROOT; };
		2366A7C30D86058C0003BB1F /* reaction.F90 */ = {isa = PBXFileReference; fileEncoding = 30; lastKnownFileType = sourcecode.fortran.f90; name = reaction.F90; path = ../reaction.F90; sourceTree = SOURCE_ROOT; };
		2366A7C40D86058C0003BB1F /* reactive_transport_aux.F90 */ = {isa = PBXFileReference; fileEncoding = 30; lastKnownFileType = sourcecode.fortran.f90; name = reactive_transport_aux.F90; path = ../reactive_transport_aux.F90; sourceTree = SOURCE_ROOT; };
		2366A7C50D86058C0003BB1F /* reactive_transport.F90 */ = {isa = PBXFileReference; fileEncoding = 30; lastKnownFileType = sourcecode.fortran.f90; name = reactive_transport.F90; path = ../reactive_transport.F90; sourceTree = SOURCE_ROOT; };
		2366A7C60D86058C0003BB1F /* realization.F90 */ = {isa = PBXFileReference; fileEncoding = 30; lastKnownFileType = sourcecode.fortran.f90; name = realization.F90; path = ../realization.F90; sourceTree = SOURCE_ROOT; };
		2366A7C70D86058C0003BB1F /* region.F90 */ = {isa = PBXFileReference; fileEncoding = 30; lastKnownFileType = sourcecode.fortran.f90; name = region.F90; path = ../region.F90; sourceTree = SOURCE_ROOT; };
		2366A7C80D86058C0003BB1F /* remove_ArrayF90.py */ = {isa = PBXFileReference; fileEncoding = 30; lastKnownFileType = text.script.python; name = remove_ArrayF90.py; path = ../remove_ArrayF90.py; sourceTree = SOURCE_ROOT; };
		2366A7C90D86058C0003BB1F /* richards_aux.F90 */ = {isa = PBXFileReference; fileEncoding = 30; lastKnownFileType = sourcecode.fortran.f90; name = richards_aux.F90; path = ../richards_aux.F90; sourceTree = SOURCE_ROOT; };
		2366A7CA0D86058C0003BB1F /* richards_lite_aux.F90 */ = {isa = PBXFileReference; fileEncoding = 30; lastKnownFileType = sourcecode.fortran.f90; name = richards_lite_aux.F90; path = ../richards_lite_aux.F90; sourceTree = SOURCE_ROOT; };
		2366A7CB0D86058C0003BB1F /* richards_lite.F90 */ = {isa = PBXFileReference; fileEncoding = 30; lastKnownFileType = sourcecode.fortran.f90; name = richards_lite.F90; path = ../richards_lite.F90; sourceTree = SOURCE_ROOT; };
		2366A7CC0D86058C0003BB1F /* richards.F90 */ = {isa = PBXFileReference; fileEncoding = 30; lastKnownFileType = sourcecode.fortran.f90; name = richards.F90; path = ../richards.F90; sourceTree = SOURCE_ROOT; };
		2366A7CD0D86058C0003BB1F /* rock_react.F90 */ = {isa = PBXFileReference; fileEncoding = 30; lastKnownFileType = sourcecode.fortran.f90; name = rock_react.F90; path = ../rock_react.F90; sourceTree = SOURCE_ROOT; };
		2366A7CE0D86058C0003BB1F /* simulation.F90 */ = {isa = PBXFileReference; fileEncoding = 30; lastKnownFileType = sourcecode.fortran.f90; name = simulation.F90; path = ../simulation.F90; sourceTree = SOURCE_ROOT; };
		2366A7CF0D86058C0003BB1F /* solver.F90 */ = {isa = PBXFileReference; fileEncoding = 30; lastKnownFileType = sourcecode.fortran.f90; name = solver.F90; path = ../solver.F90; sourceTree = SOURCE_ROOT; };
		2366A7D00D86058C0003BB1F /* strata.F90 */ = {isa = PBXFileReference; fileEncoding = 30; lastKnownFileType = sourcecode.fortran.f90; name = strata.F90; path = ../strata.F90; sourceTree = SOURCE_ROOT; };
		2366A7D10D86058C0003BB1F /* structured_grid.F90 */ = {isa = PBXFileReference; fileEncoding = 30; lastKnownFileType = sourcecode.fortran.f90; name = structured_grid.F90; path = ../structured_grid.F90; sourceTree = SOURCE_ROOT; };
		2366A7D20D86058C0003BB1F /* timestepper.F90 */ = {isa = PBXFileReference; fileEncoding = 30; lastKnownFileType = sourcecode.fortran.f90; name = timestepper.F90; path = ../timestepper.F90; sourceTree = SOURCE_ROOT; };
		2366A7D30D86058C0003BB1F /* translator_mixed_fluid_mph.F90 */ = {isa = PBXFileReference; fileEncoding = 30; lastKnownFileType = sourcecode.fortran.f90; name = translator_mixed_fluid_mph.F90; path = ../translator_mixed_fluid_mph.F90; sourceTree = SOURCE_ROOT; };
		2366A7D40D86058C0003BB1F /* transport.F90 */ = {isa = PBXFileReference; fileEncoding = 30; lastKnownFileType = sourcecode.fortran.f90; name = transport.F90; path = ../transport.F90; sourceTree = SOURCE_ROOT; };
		2366A7D50D86058C0003BB1F /* trdynmem.F90 */ = {isa = PBXFileReference; fileEncoding = 30; lastKnownFileType = sourcecode.fortran.f90; name = trdynmem.F90; path = ../trdynmem.F90; sourceTree = SOURCE_ROOT; };
		2366A7D60D86058C0003BB1F /* trgamdh.F90 */ = {isa = PBXFileReference; fileEncoding = 30; lastKnownFileType = sourcecode.fortran.f90; name = trgamdh.F90; path = ../trgamdh.F90; sourceTree = SOURCE_ROOT; };
		2366A7D70D86058C0003BB1F /* trionexc.F90 */ = {isa = PBXFileReference; fileEncoding = 30; lastKnownFileType = sourcecode.fortran.f90; name = trionexc.F90; path = ../trionexc.F90; sourceTree = SOURCE_ROOT; };
		2366A7D80D86058C0003BB1F /* trkinmin.F90 */ = {isa = PBXFileReference; fileEncoding = 30; lastKnownFileType = sourcecode.fortran.f90; name = trkinmin.F90; path = ../trkinmin.F90; sourceTree = SOURCE_ROOT; };
		2366A7D90D86058C0003BB1F /* trstdyst.F90 */ = {isa = PBXFileReference; fileEncoding = 30; lastKnownFileType = sourcecode.fortran.f90; name = trstdyst.F90; path = ../trstdyst.F90; sourceTree = SOURCE_ROOT; };
		2366A7DA0D86058C0003BB1F /* unstructured_grid.F90 */ = {isa = PBXFileReference; fileEncoding = 30; lastKnownFileType = sourcecode.fortran.f90; name = unstructured_grid.F90; path = ../unstructured_grid.F90; sourceTree = SOURCE_ROOT; };
		2366A7DB0D86058C0003BB1F /* utilities.F90 */ = {isa = PBXFileReference; fileEncoding = 30; lastKnownFileType = sourcecode.fortran.f90; name = utilities.F90; path = ../utilities.F90; sourceTree = SOURCE_ROOT; };
		2366A7DC0D86058C0003BB1F /* utility.F90 */ = {isa = PBXFileReference; fileEncoding = 30; lastKnownFileType = sourcecode.fortran.f90; name = utility.F90; path = ../utility.F90; sourceTree = SOURCE_ROOT; };
		2366A7DD0D86058C0003BB1F /* water_eos.F90 */ = {isa = PBXFileReference; fileEncoding = 30; lastKnownFileType = sourcecode.fortran.f90; name = water_eos.F90; path = ../water_eos.F90; sourceTree = SOURCE_ROOT; };
		2366A7DE0D86058C0003BB1F /* waypoint.F90 */ = {isa = PBXFileReference; fileEncoding = 30; lastKnownFileType = sourcecode.fortran.f90; name = waypoint.F90; path = ../waypoint.F90; sourceTree = SOURCE_ROOT; };
/* End PBXFileReference section */

/* Begin PBXGroup section */
		2366A7850D8605330003BB1F = {
			isa = PBXGroup;
			children = (
				2366A78F0D86058C0003BB1F /* ascii_to_hdf5.F90 */,
				2366A7900D86058C0003BB1F /* breakthrough.F90 */,
				2366A7910D86058C0003BB1F /* checkpoint.F90 */,
				2366A7920D86058C0003BB1F /* co2_span_wagner.F90 */,
				2366A7930D86058C0003BB1F /* co2_sw_global.F90 */,
				2366A7940D86058C0003BB1F /* co2_sw_rtsafe.F90 */,
				2366A7950D86058C0003BB1F /* co2eos.F90 */,
				2366A7960D86058C0003BB1F /* condition.F90 */,
				2366A7970D86058C0003BB1F /* connection.F90 */,
				2366A7980D86058C0003BB1F /* convergence.F90 */,
				2366A7990D86058C0003BB1F /* coupler.F90 */,
				2366A79A0D86058C0003BB1F /* debug.F90 */,
				2366A79B0D86058C0003BB1F /* definitions.h */,
				2366A79C0D86058C0003BB1F /* discretization.F90 */,
				2366A79D0D86058C0003BB1F /* field.F90 */,
				2366A79E0D86058C0003BB1F /* fileio.F90 */,
				2366A79F0D86058C0003BB1F /* gaseos_mod.F90 */,
				2366A7A00D86058C0003BB1F /* general_grid.F90 */,
				2366A7A10D86058C0003BB1F /* grid.F90 */,
				2366A7A20D86058C0003BB1F /* hdf5_dataset.F90 */,
				2366A7A30D86058C0003BB1F /* hdf5.F90 */,
				2366A7A40D86058C0003BB1F /* hydrostatic.F90 */,
				2366A7A50D86058C0003BB1F /* init.F90 */,
				2366A7A60D86058C0003BB1F /* level.F90 */,
				2366A7A70D86058C0003BB1F /* logging.F90 */,
				2366A7A80D86058C0003BB1F /* makefile */,
				2366A7A90D86058C0003BB1F /* material.F90 */,
				2366A7AA0D86058C0003BB1F /* mixed_fluid_eos.F90 */,
				2366A7AB0D86058C0003BB1F /* oil_eos.F90 */,
				2366A7AC0D86058C0003BB1F /* option.F90 */,
				2366A7AD0D86058C0003BB1F /* output.F90 */,
				2366A7AE0D86058C0003BB1F /* patch.F90 */,
				2366A7AF0D86058C0003BB1F /* petscreldefs.h */,
				2366A7B00D86058C0003BB1F /* pflotran.F90 */,
				2366A7B10D86058C0003BB1F /* pflow_mphase_ResJac.F90 */,
				2366A7B20D86058C0003BB1F /* pflow_pckr_mod.F90 */,
				2366A7B30D86058C0003BB1F /* ptran_conn.F90 */,
				2366A7B40D86058C0003BB1F /* ptran_dbase.F90 */,
				2366A7B50D86058C0003BB1F /* ptran_destroy.F90 */,
				2366A7B60D86058C0003BB1F /* ptran_dt.F90 */,
				2366A7B70D86058C0003BB1F /* ptran_global.F90 */,
				2366A7B80D86058C0003BB1F /* ptran_init.F90 */,
				2366A7B90D86058C0003BB1F /* ptran_multi.F90 */,
				2366A7BA0D86058C0003BB1F /* ptran_out.F90 */,
				2366A7BB0D86058C0003BB1F /* ptran_output.F90 */,
				2366A7BC0D86058C0003BB1F /* ptran_psi.F90 */,
				2366A7BD0D86058C0003BB1F /* ptran_read.F90 */,
				2366A7BE0D86058C0003BB1F /* ptran_setbnd.F90 */,
				2366A7BF0D86058C0003BB1F /* ptran_solv.F90 */,
				2366A7C00D86058C0003BB1F /* ptran_speciation.F90 */,
				2366A7C10D86058C0003BB1F /* ptran_update.F90 */,
				2366A7C20D86058C0003BB1F /* ptran.F90 */,
				2366A7C30D86058C0003BB1F /* reaction.F90 */,
				2366A7C40D86058C0003BB1F /* reactive_transport_aux.F90 */,
				2366A7C50D86058C0003BB1F /* reactive_transport.F90 */,
				2366A7C60D86058C0003BB1F /* realization.F90 */,
				2366A7C70D86058C0003BB1F /* region.F90 */,
				2366A7C80D86058C0003BB1F /* remove_ArrayF90.py */,
				2366A7C90D86058C0003BB1F /* richards_aux.F90 */,
				2366A7CA0D86058C0003BB1F /* richards_lite_aux.F90 */,
				2366A7CB0D86058C0003BB1F /* richards_lite.F90 */,
				2366A7CC0D86058C0003BB1F /* richards.F90 */,
				2366A7CD0D86058C0003BB1F /* rock_react.F90 */,
				2366A7CE0D86058C0003BB1F /* simulation.F90 */,
				2366A7CF0D86058C0003BB1F /* solver.F90 */,
				2366A7D00D86058C0003BB1F /* strata.F90 */,
				2366A7D10D86058C0003BB1F /* structured_grid.F90 */,
				2366A7D20D86058C0003BB1F /* timestepper.F90 */,
				2366A7D30D86058C0003BB1F /* translator_mixed_fluid_mph.F90 */,
				2366A7D40D86058C0003BB1F /* transport.F90 */,
				2366A7D50D86058C0003BB1F /* trdynmem.F90 */,
				2366A7D60D86058C0003BB1F /* trgamdh.F90 */,
				2366A7D70D86058C0003BB1F /* trionexc.F90 */,
				2366A7D80D86058C0003BB1F /* trkinmin.F90 */,
				2366A7D90D86058C0003BB1F /* trstdyst.F90 */,
				2366A7DA0D86058C0003BB1F /* unstructured_grid.F90 */,
				2366A7DB0D86058C0003BB1F /* utilities.F90 */,
				2366A7DC0D86058C0003BB1F /* utility.F90 */,
				2366A7DD0D86058C0003BB1F /* water_eos.F90 */,
				2366A7DE0D86058C0003BB1F /* waypoint.F90 */,
			);
			sourceTree = "<group>";
		};
/* End PBXGroup section */

/* Begin PBXProject section */
		2366A7870D8605330003BB1F /* Project object */ = {
			isa = PBXProject;
			buildConfigurationList = 2366A7880D8605330003BB1F /* Build configuration list for PBXProject "pflotran_xcode" */;
			compatibilityVersion = "Xcode 2.4";
			hasScannedForEncodings = 0;
			mainGroup = 2366A7850D8605330003BB1F;
			projectDirPath = "";
			projectRoot = "";
			targets = (
			);
		};
/* End PBXProject section */

/* Begin XCBuildConfiguration section */
		2366A7890D8605330003BB1F /* Debug */ = {
			isa = XCBuildConfiguration;
			buildSettings = {
				COPY_PHASE_STRIP = NO;
			};
			name = Debug;
		};
		2366A78A0D8605330003BB1F /* Release */ = {
			isa = XCBuildConfiguration;
			buildSettings = {
				COPY_PHASE_STRIP = YES;
			};
			name = Release;
		};
/* End XCBuildConfiguration section */

/* Begin XCConfigurationList section */
		2366A7880D8605330003BB1F /* Build configuration list for PBXProject "pflotran_xcode" */ = {
			isa = XCConfigurationList;
			buildConfigurations = (
				2366A7890D8605330003BB1F /* Debug */,
				2366A78A0D8605330003BB1F /* Release */,
			);
			defaultConfigurationIsVisible = 0;
			defaultConfigurationName = Release;
		};
/* End XCConfigurationList section */
	};
	rootObject = 2366A7870D8605330003BB1F /* Project object */;
}
